<?xml version="1.0" encoding="UTF-8" standalone="yes" ?>
<CodeBlocks_project_file>
	<FileVersion major="1" minor="6" />
	<Project>
		<Option title="EterniaLib" />
		<Option pch_mode="2" />
		<Option compiler="gcc" />
		<Build>
			<Target title="Debug">
				<Option output="bin/Debug/EterniaLib" prefix_auto="1" extension_auto="1" />
				<Option object_output="obj/Debug/" />
				<Option type="1" />
				<Option compiler="gcc" />
				<Compiler>
					<Add option="-std=c++11" />
					<Add option="-g" />
					<Add option="-m32" />
				</Compiler>
				<Linker>
					<Add option="-lpthread" />
				</Linker>
			</Target>
			<Target title="Release">
				<Option output="bin/Release/EterniaLib" prefix_auto="1" extension_auto="1" />
				<Option object_output="obj/Release/" />
				<Option type="1" />
				<Option compiler="gcc" />
				<Compiler>
					<Add option="-fomit-frame-pointer" />
					<Add option="-fexpensive-optimizations" />
					<Add option="-O3" />
					<Add option="-std=c++11" />
					<Add option="-w" />
					<Add option="-m32" />
				</Compiler>
				<Linker>
					<Add option="-s" />
				</Linker>
			</Target>
			<Target title="Release64">
				<Option output="bin/Release/EterniaLib" prefix_auto="1" extension_auto="1" />
				<Option object_output="obj/Release/x64/" />
				<Option type="1" />
				<Option compiler="gcc" />
				<Compiler>
					<Add option="-fexpensive-optimizations" />
					<Add option="-O3" />
					<Add option="-std=c++11" />
					<Add option="-w" />
				</Compiler>
				<Linker>
					<Add option="-s" />
				</Linker>
			</Target>
			<Target title="Debug64">
				<Option output="bin/Debug/EterniaLib" prefix_auto="1" extension_auto="1" />
				<Option object_output="obj/Debug/x64/" />
				<Option type="1" />
				<Option compiler="gcc" />
				<Compiler>
					<Add option="-std=c++11" />
					<Add option="-g" />
					<Add option="-pipe" />
				</Compiler>
				<Linker>
					<Add option="-lpthread" />
				</Linker>
			</Target>
		</Build>
		<Compiler>
			<Add option="-Wall" />
		</Compiler>
		<Unit filename="main.cpp" />
		<Unit filename="src/AI/AI_Layer.h" />
		<Unit filename="src/AI/AI_Network.h" />
		<Unit filename="src/AI/ai.h" />
		<Unit filename="src/API/APICore.cpp" />
		<Unit filename="src/API/APICore.h" />
		<Unit filename="src/API/APIEventRegistry.cpp" />
		<Unit filename="src/API/APIEventRegistry.h" />
		<Unit filename="src/API/APIMod.cpp" />
		<Unit filename="src/API/APIMod.h" />
		<Unit filename="src/API/APIPermission.cpp" />
		<Unit filename="src/API/APIPermission.h" />
		<Unit filename="src/API/APIPermissionsRegistry.cpp" />
		<Unit filename="src/API/APIPermissionsRegistry.h" />
		<Unit filename="src/API/APIUser.cpp" />
		<Unit filename="src/API/APIUser.h" />
		<Unit filename="src/Algorithm/Compression/BasicCompressor.cpp" />
		<Unit filename="src/Algorithm/Compression/BasicCompressor.h" />
		<Unit filename="src/Algorithm/Cryptography/Aes256.cpp" />
		<Unit filename="src/Algorithm/Cryptography/Aes256.h" />
		<Unit filename="src/Algorithm/Cryptography/Aes256r.c">
			<Option compilerVar="CC" />
		</Unit>
		<Unit filename="src/Algorithm/Cryptography/Aes256r.h" />
		<Unit filename="src/Algorithm/Cryptography/CryptoDefiner_Class.hpp" />
		<Unit filename="src/Algorithm/Cryptography/CryptoDefines.h" />
		<Unit filename="src/Algorithm/Cryptography/ExHash.h" />
		<Unit filename="src/Algorithm/Cryptography/ExHash_SumMap.hpp" />
		<Unit filename="src/Algorithm/Cryptography/crc32.cpp" />
		<Unit filename="src/Algorithm/Cryptography/crc32.h" />
		<Unit filename="src/Algorithm/Cryptography/md5.cpp" />
		<Unit filename="src/Algorithm/Cryptography/md5.h" />
		<Unit filename="src/Algorithm/Cryptography/test/testExHash.hpp" />
		<Unit filename="src/Algorithm/Pathing/DijkstraPath.hpp" />
		<Unit filename="src/Algorithm/Sorting/InsertionSort.cpp" />
		<Unit filename="src/Algorithm/Sorting/InsertionSort.h" />
		<Unit filename="src/Algorithm/Sorting/MergeSort.cpp" />
		<Unit filename="src/Algorithm/Sorting/MergeSort.h" />
		<Unit filename="src/Algorithm/Sorting/QuickSort.cpp" />
		<Unit filename="src/Algorithm/Sorting/QuickSort.h" />
		<Unit filename="src/Algorithm/Sorting/SelectionSort.cpp" />
		<Unit filename="src/Algorithm/Sorting/SelectionSort.h" />
		<Unit filename="src/Algorithm/includes.h" />
		<Unit filename="src/Audio/AudioBuffer.h" />
		<Unit filename="src/Audio/Generate/WhiteNoice.cpp" />
		<Unit filename="src/Audio/Generate/WhiteNoise.h" />
		<Unit filename="src/Data/AbstractDatabase/AbstractDB.h" />
		<Unit filename="src/Data/AbstractDatabase/AbstractDBCacheMap.cpp" />
		<Unit filename="src/Data/AbstractDatabase/AbstractDBField.cpp" />
		<Unit filename="src/Data/AbstractDatabase/AbstractDBRow.cpp" />
		<Unit filename="src/Data/AbstractDatabase/AbstractDBTable.cpp" />
		<Unit filename="src/Data/BitMap.cpp" />
		<Unit filename="src/Data/BitMap.h" />
		<Unit filename="src/Data/CRCData.hpp" />
		<Unit filename="src/Data/CharString.cpp" />
		<Unit filename="src/Data/CharString.h" />
		<Unit filename="src/Data/Concurrent/ConcurrentLinkedList.hpp" />
		<Unit filename="src/Data/CyclicList.hpp" />
		<Unit filename="src/Data/DB/DBList.h" />
		<Unit filename="src/Data/DB/DBRow.h" />
		<Unit filename="src/Data/DoubleList.cpp" />
		<Unit filename="src/Data/DoubleList.h" />
		<Unit filename="src/Data/DynamicType.cpp" />
		<Unit filename="src/Data/DynamicType.h" />
		<Unit filename="src/Data/Events/Event.h" />
		<Unit filename="src/Data/Events/EventHandle.cpp" />
		<Unit filename="src/Data/Events/EventHandle.h" />
		<Unit filename="src/Data/Events/EventHandler.cpp" />
		<Unit filename="src/Data/Events/EventHandler.h" />
		<Unit filename="src/Data/Events/test/testEventHandler.hpp" />
		<Unit filename="src/Data/FileCache.cpp" />
		<Unit filename="src/Data/FileCache.h" />
		<Unit filename="src/Data/FileCache_List.cpp" />
		<Unit filename="src/Data/FileCache_Map.cpp" />
		<Unit filename="src/Data/FileCache_Policy.cpp" />
		<Unit filename="src/Data/FileCache_Policy.h" />
		<Unit filename="src/Data/FileFormat/MTL.cpp" />
		<Unit filename="src/Data/FileFormat/MTL.h" />
		<Unit filename="src/Data/FileFormat/OBJ.cpp" />
		<Unit filename="src/Data/FileFormat/OBJ.h" />
		<Unit filename="src/Data/FileSystem.cpp" />
		<Unit filename="src/Data/FileSystem.h" />
		<Unit filename="src/Data/Graph.cpp" />
		<Unit filename="src/Data/Graph.h" />
		<Unit filename="src/Data/HashMap.hpp" />
		<Unit filename="src/Data/HashTable.cpp" />
		<Unit filename="src/Data/HashTable.h" />
		<Unit filename="src/Data/Heap.cpp" />
		<Unit filename="src/Data/Heap.h" />
		<Unit filename="src/Data/IntegerList.cpp" />
		<Unit filename="src/Data/IntegerList.h" />
		<Unit filename="src/Data/LinkedList.hpp" />
		<Unit filename="src/Data/LinkedListIterator.hpp" />
		<Unit filename="src/Data/LinkedListT.cpp" />
		<Unit filename="src/Data/LinkedListT.h" />
		<Unit filename="src/Data/LinkedMap.cpp" />
		<Unit filename="src/Data/LinkedMap.h" />
		<Unit filename="src/Data/Logger/Logger.cpp" />
		<Unit filename="src/Data/Logger/Logger.h" />
		<Unit filename="src/Data/PriorityQueue.cpp" />
		<Unit filename="src/Data/PriorityQueue.h" />
		<Unit filename="src/Data/Protect/PType.hpp" />
		<Unit filename="src/Data/Queue.cpp" />
		<Unit filename="src/Data/Queue.h" />
		<Unit filename="src/Data/SecureFileCache.hpp" />
		<Unit filename="src/Data/SplitResult.cpp" />
		<Unit filename="src/Data/SplitResult.h" />
		<Unit filename="src/Data/Stack.cpp" />
		<Unit filename="src/Data/Stack.h" />
		<Unit filename="src/Data/TimeProfiler.cpp" />
		<Unit filename="src/Data/TimeProfiler.h" />
		<Unit filename="src/Data/Timer.h" />
		<Unit filename="src/Data/TreeList.cpp" />
		<Unit filename="src/Data/TreeList.h" />
		<Unit filename="src/Data/UInt512.hpp" />
		<Unit filename="src/Data/includes.h" />
		<Unit filename="src/Data/test/testAbstractDB.cpp" />
		<Unit filename="src/Data/test/testAbstractDB.h" />
		<Unit filename="src/Data/test/testDataStructures.cpp" />
		<Unit filename="src/Data/test/testDataStructures.h" />
		<Unit filename="src/Data/test/testPType.cpp" />
		<Unit filename="src/Data/test/testPType.h" />
		<Unit filename="src/Design/Colors.h" />
		<Unit filename="src/Design/Events/KeyHandleEvent.cpp" />
		<Unit filename="src/Design/Events/KeyHandleEvent.h" />
		<Unit filename="src/Design/Events/MouseHandleEvent.cpp" />
		<Unit filename="src/Design/Events/MouseHandleEvent.h" />
		<Unit filename="src/Design/GUI/Layout.h" />
		<Unit filename="src/Design/GUI/LayoutObject.cpp" />
		<Unit filename="src/Design/GUI/LayoutObject.h" />
		<Unit filename="src/Design/GUI/LocalLayout.h" />
		<Unit filename="src/Design/GUI/View.h" />
		<Unit filename="src/Design/Voxel/Block.h" />
		<Unit filename="src/Design/Voxel/Chunk.h" />
		<Unit filename="src/Design/Voxel/ChunkLoader.h" />
		<Unit filename="src/Design/Voxel/ChunkRequest.h" />
		<Unit filename="src/Design/Voxel/Geometry2D.h" />
		<Unit filename="src/Design/Voxel/Geometry3D.h" />
		<Unit filename="src/Design/Voxel/Tile/FurnaceExample.hpp" />
		<Unit filename="src/Design/Voxel/TiledBlock.h" />
		<Unit filename="src/Design/includes.h" />
		<Unit filename="src/Driver/LinuxDriver.h" />
		<Unit filename="src/Driver/OSXDriver.h" />
		<Unit filename="src/Driver/WinDriver.h" />
		<Unit filename="src/Emulation/MPU/in430.h" />
		<Unit filename="src/Emulation/MPU/msp430.cpp" />
		<Unit filename="src/Emulation/MPU/msp430.h" />
		<Unit filename="src/Emulation/MPU/msp430_Instructions.cpp" />
		<Unit filename="src/Emulation/MPU/msp430_Interrupts.cpp" />
		<Unit filename="src/Emulation/MPU/msp430_Opcodes.h" />
		<Unit filename="src/Emulation/MPU/msp430_Registers.h" />
		<Unit filename="src/Emulation/MPU/msp430_USCI.cpp" />
		<Unit filename="src/Emulation/MPU/msp430_declare_consts.h" />
		<Unit filename="src/Emulation/MPU/msp430_timers.cpp" />
		<Unit filename="src/Emulation/MPU/msp430g2553.h" />
		<Unit filename="src/Emulation/SecondTick.cpp" />
		<Unit filename="src/Emulation/SecondTick.h" />
		<Unit filename="src/Emulation/includes.h" />
		<Unit filename="src/Engineering/Chemistry/Atom.cpp" />
		<Unit filename="src/Engineering/Chemistry/Atom.h" />
		<Unit filename="src/Engineering/Chemistry/Composite.cpp" />
		<Unit filename="src/Engineering/Chemistry/Composite.h" />
		<Unit filename="src/Engineering/Chemistry/Hadron/AntiBaryon.h" />
		<Unit filename="src/Engineering/Chemistry/Hadron/AntiNeutron.h" />
		<Unit filename="src/Engineering/Chemistry/Hadron/AntiProton.h" />
		<Unit filename="src/Engineering/Chemistry/Hadron/Baryon.h" />
		<Unit filename="src/Engineering/Chemistry/Hadron/Meson.h" />
		<Unit filename="src/Engineering/Chemistry/Hadron/Neutrino.h" />
		<Unit filename="src/Engineering/Chemistry/Hadron/Neutron.h" />
		<Unit filename="src/Engineering/Chemistry/Hadron/Pion.h" />
		<Unit filename="src/Engineering/Chemistry/Hadron/Positron.h" />
		<Unit filename="src/Engineering/Chemistry/Hadron/Proton.h" />
		<Unit filename="src/Engineering/Chemistry/Hadron/Quarks/DownQuark.h" />
		<Unit filename="src/Engineering/Chemistry/Hadron/Quarks/Down_AntiQuark.h" />
		<Unit filename="src/Engineering/Chemistry/Hadron/Quarks/Gluon.h" />
		<Unit filename="src/Engineering/Chemistry/Hadron/Quarks/UpQuark.h" />
		<Unit filename="src/Engineering/Chemistry/Hadron/Quarks/Up_AntiQuark.h" />
		<Unit filename="src/Engineering/Chemistry/Ore.h" />
		<Unit filename="src/Engineering/Chemistry/elements.h" />
		<Unit filename="src/Engineering/Chemistry/includes.h" />
		<Unit filename="src/Engineering/Civil/Building.h" />
		<Unit filename="src/Engineering/Civil/Commercial.h" />
		<Unit filename="src/Engineering/Civil/Industry.h" />
		<Unit filename="src/Engineering/Civil/Infrastructure/Road.h" />
		<Unit filename="src/Engineering/Civil/Residence.h" />
		<Unit filename="src/Engineering/Civil/Utility.h" />
		<Unit filename="src/Engineering/Electrical/Circuit.h" />
		<Unit filename="src/Engineering/Electrical/Components/Capacitor.h" />
		<Unit filename="src/Engineering/Electrical/Components/Component.h" />
		<Unit filename="src/Engineering/Electrical/Components/ComponentRating.cpp" />
		<Unit filename="src/Engineering/Electrical/Components/ComponentRating.h" />
		<Unit filename="src/Engineering/Electrical/Components/Diode.h" />
		<Unit filename="src/Engineering/Electrical/Components/HBridge.h" />
		<Unit filename="src/Engineering/Electrical/Components/Inductor.h" />
		<Unit filename="src/Engineering/Electrical/Components/Inverter.h" />
		<Unit filename="src/Engineering/Electrical/Components/LBridge.h" />
		<Unit filename="src/Engineering/Electrical/Components/Mosfet.h" />
		<Unit filename="src/Engineering/Electrical/Components/Rectifier.h" />
		<Unit filename="src/Engineering/Electrical/Components/Resistor.h" />
		<Unit filename="src/Engineering/Electrical/Components/ResistorBands.h" />
		<Unit filename="src/Engineering/Electrical/Components/Transistor.h" />
		<Unit filename="src/Engineering/Electrical/Components/includes.h" />
		<Unit filename="src/Engineering/Electrical/IC/ASIC.h" />
		<Unit filename="src/Engineering/Electrical/IC/FPGA.h" />
		<Unit filename="src/Engineering/Electrical/IC/General/IC555.cpp" />
		<Unit filename="src/Engineering/Electrical/IC/General/IC555.h" />
		<Unit filename="src/Engineering/Electrical/IC/IC.cpp" />
		<Unit filename="src/Engineering/Electrical/IC/IC.h" />
		<Unit filename="src/Engineering/Electrical/IC/RAM.cpp" />
		<Unit filename="src/Engineering/Electrical/IC/RAM.h" />
		<Unit filename="src/Engineering/Electrical/IC/namespace.h" />
		<Unit filename="src/Engineering/Electrical/Node.h" />
		<Unit filename="src/Engineering/Electrical/Pin.cpp" />
		<Unit filename="src/Engineering/Electrical/Pin.h" />
		<Unit filename="src/Engineering/Electrical/PowerValue.cpp" />
		<Unit filename="src/Engineering/Electrical/PowerValue.h" />
		<Unit filename="src/Engineering/Electrical/Signal/CLKProvider.cpp" />
		<Unit filename="src/Engineering/Electrical/Signal/CLKProvider.h" />
		<Unit filename="src/Engineering/Electrical/Signal/FreqSignal.h" />
		<Unit filename="src/Engineering/Electrical/Signal/PWM.cpp" />
		<Unit filename="src/Engineering/Electrical/Signal/PWM.h" />
		<Unit filename="src/Engineering/Electrical/Signal/Sample.h" />
		<Unit filename="src/Engineering/Electrical/Signal/Signal.h" />
		<Unit filename="src/Engineering/Electrical/Signal/TimeSignal.h" />
		<Unit filename="src/Engineering/Electrical/Signal/includes.h" />
		<Unit filename="src/Engineering/Physics/Equations.cpp" />
		<Unit filename="src/Engineering/Physics/Equations.h" />
		<Unit filename="src/Engineering/Physics/FluidMechanics/FluidMechanics.cpp" />
		<Unit filename="src/Engineering/Physics/FluidMechanics/FluidMechanics.h" />
		<Unit filename="src/Engineering/Physics/Kinematics/CircularMotion.cpp" />
		<Unit filename="src/Engineering/Physics/Kinematics/CircularMotion.h" />
		<Unit filename="src/Engineering/Physics/Kinematics/Collision1D.cpp" />
		<Unit filename="src/Engineering/Physics/Kinematics/Collision1D.h" />
		<Unit filename="src/Engineering/Physics/Kinematics/FreeBody.cpp" />
		<Unit filename="src/Engineering/Physics/Kinematics/FreeBody.h" />
		<Unit filename="src/Engineering/Physics/Orbit.cpp" />
		<Unit filename="src/Engineering/Physics/Orbit.h" />
		<Unit filename="src/Engineering/Physics/Rotational/RotationalBody.h" />
		<Unit filename="src/Engineering/Physics/Rotational/RotationalFuncs.cpp" />
		<Unit filename="src/Engineering/Physics/Rotational/RotationalFuncs.h" />
		<Unit filename="src/Engineering/Physics/ThermalDynamics/ThermalDynamics.cpp" />
		<Unit filename="src/Engineering/Physics/ThermalDynamics/ThermalDynamics.h" />
		<Unit filename="src/Engineering/Physics/Work.cpp" />
		<Unit filename="src/Engineering/Physics/Work.h" />
		<Unit filename="src/Engineering/Physics/test/testFriction.cpp" />
		<Unit filename="src/Engineering/Physics/test/testFriction.h" />
		<Unit filename="src/Engineering/Physics/test/testGravity.cpp" />
		<Unit filename="src/Engineering/Physics/test/testGravity.h" />
		<Unit filename="src/Engineering/Physics/test/testOrbit.cpp" />
		<Unit filename="src/Engineering/Physics/test/testOrbit.h" />
		<Unit filename="src/Engineering/Physics/test/tests.h" />
		<Unit filename="src/Engineering/includes.h" />
		<Unit filename="src/Localization/LanguageController.cpp" />
		<Unit filename="src/Localization/LanguageController.h" />
		<Unit filename="src/Math/Arbitrary.cpp" />
		<Unit filename="src/Math/Arbitrary.h" />
		<Unit filename="src/Math/ArbitraryInteger.cpp" />
		<Unit filename="src/Math/ArbitraryInteger.h" />
		<Unit filename="src/Math/Complex.hpp" />
		<Unit filename="src/Math/Conversion/Convert.cpp" />
		<Unit filename="src/Math/Conversion/Convert.h" />
		<Unit filename="src/Math/Equation.cpp" />
		<Unit filename="src/Math/Equation.h" />
		<Unit filename="src/Math/Equation_CALC.cpp" />
		<Unit filename="src/Math/Eval.cpp" />
		<Unit filename="src/Math/Eval.h" />
		<Unit filename="src/Math/Functions/Basic.cpp" />
		<Unit filename="src/Math/Functions/Basic.h" />
		<Unit filename="src/Math/Functions/FFT.cpp" />
		<Unit filename="src/Math/Functions/FFT.h" />
		<Unit filename="src/Math/Functions/Sigmoid.cpp" />
		<Unit filename="src/Math/Functions/Sigmoid.h" />
		<Unit filename="src/Math/Functions/Trig.cpp" />
		<Unit filename="src/Math/Functions/Trig.h" />
		<Unit filename="src/Math/Math.h" />
		<Unit filename="src/Math/Random.hpp" />
		<Unit filename="src/Math/statistics/Probability.h" />
		<Unit filename="src/Math/statistics/statistics.h" />
		<Unit filename="src/Math/struct/Basis.cpp" />
		<Unit filename="src/Math/struct/Basis.h" />
		<Unit filename="src/Math/struct/Matrix.cpp" />
		<Unit filename="src/Math/struct/Matrix.h" />
		<Unit filename="src/Math/struct/VectorSpace.cpp" />
		<Unit filename="src/Math/struct/VectorSpace.h" />
		<Unit filename="src/Math/struct/vertex.cpp" />
		<Unit filename="src/Math/struct/vertex.h" />
		<Unit filename="src/Math/test/testMath.cpp" />
		<Unit filename="src/Math/test/testMath.h" />
		<Unit filename="src/Parsing/CodeParser.h" />
		<Unit filename="src/Parsing/Config.cpp" />
		<Unit filename="src/Parsing/Config.h" />
		<Unit filename="src/Parsing/HTMLParser.cpp" />
		<Unit filename="src/Parsing/HTMLParser.h" />
		<Unit filename="src/Parsing/HTMLTags.h" />
		<Unit filename="src/Parsing/InputRedirection.cpp" />
		<Unit filename="src/Parsing/InputRedirection.h" />
		<Unit filename="src/Parsing/LoadFile.cpp" />
		<Unit filename="src/Parsing/LoadFile.h" />
		<Unit filename="src/Parsing/SecuredParser.cpp" />
		<Unit filename="src/Parsing/SecuredParser.h" />
		<Unit filename="src/Parsing/SimpleParser.cpp" />
		<Unit filename="src/Parsing/SimpleParser.h" />
		<Unit filename="src/Parsing/includes.h" />
		<Unit filename="src/Parsing/test/testParsers.cpp" />
		<Unit filename="src/Parsing/test/testParsers.h" />
		<Unit filename="src/Programming/CPLScript/CPLScripter.h" />
		<Unit filename="src/Programming/CPLScript/CPLVariable.h" />
		<Unit filename="src/Programming/EfficiencyTimer.cpp" />
		<Unit filename="src/Programming/EfficiencyTimer.h" />
		<Unit filename="src/Programming/Instruction.h" />
		<Unit filename="src/Programming/Program.cpp" />
		<Unit filename="src/Programming/Program.h" />
		<Unit filename="src/Programming/ProgramError.cpp" />
		<Unit filename="src/Programming/ProgramError.h" />
		<Unit filename="src/Programming/Visual/VProgramError.cpp" />
		<Unit filename="src/Programming/Visual/VProgramError.h" />
		<Unit filename="src/Programming/Visual/VProgramNode.h" />
		<Unit filename="src/Programming/Visual/VProgramVariable.cpp" />
		<Unit filename="src/Programming/Visual/VProgramVariable.h" />
		<Unit filename="src/Programming/Visual/VisualProgram.cpp" />
		<Unit filename="src/Serialization/SpecificSerializer.cpp" />
		<Unit filename="src/Serialization/SpecificSerializer.h" />
		<Unit filename="src/Serialization/SpecificSerializer_JSON.cpp" />
		<Unit filename="src/Serialization/includes.h" />
		<Unit filename="src/Serialization/test/testSerializers.hpp" />
		<Unit filename="src/Simulation/Business/ALocation.h" />
		<Unit filename="src/Simulation/Business/Accounting/Account.h" />
		<Unit filename="src/Simulation/Business/Accounting/Accounting.h" />
		<Unit filename="src/Simulation/Business/Accounting/Audit.h" />
		<Unit filename="src/Simulation/Business/Accounting/Budget.h" />
		<Unit filename="src/Simulation/Business/Accounting/Equity.h" />
		<Unit filename="src/Simulation/Business/Accounting/Expense.h" />
		<Unit filename="src/Simulation/Business/Accounting/Fund.h" />
		<Unit filename="src/Simulation/Business/Accounting/InvestmentAccount.h" />
		<Unit filename="src/Simulation/Business/Accounting/Liability.h" />
		<Unit filename="src/Simulation/Business/Accounting/Revenue.h" />
		<Unit filename="src/Simulation/Business/Accounting/Tax.h" />
		<Unit filename="src/Simulation/Business/Accounting/Transaction.h" />
		<Unit filename="src/Simulation/Business/AssetHolder.h" />
		<Unit filename="src/Simulation/Business/Assets/Asset.h" />
		<Unit filename="src/Simulation/Business/Assets/IntellectualProperty/Copyright.h" />
		<Unit filename="src/Simulation/Business/Assets/IntellectualProperty/Design.h" />
		<Unit filename="src/Simulation/Business/Assets/IntellectualProperty/IP.h" />
		<Unit filename="src/Simulation/Business/Assets/IntellectualProperty/Patent.h" />
		<Unit filename="src/Simulation/Business/Assets/IntellectualProperty/Trademark.h" />
		<Unit filename="src/Simulation/Business/Assets/Item.h" />
		<Unit filename="src/Simulation/Business/Assets/Material/Material.h" />
		<Unit filename="src/Simulation/Business/Assets/Operation/Factory.h" />
		<Unit filename="src/Simulation/Business/Assets/Operation/inventory.h" />
		<Unit filename="src/Simulation/Business/Assets/Property/Building.h" />
		<Unit filename="src/Simulation/Business/Assets/Property/Car.h" />
		<Unit filename="src/Simulation/Business/Assets/Property/House.h" />
		<Unit filename="src/Simulation/Business/Assets/Property/Land.h" />
		<Unit filename="src/Simulation/Business/Assets/VirtualAsset.h" />
		<Unit filename="src/Simulation/Business/BEntity.h" />
		<Unit filename="src/Simulation/Business/Company.h" />
		<Unit filename="src/Simulation/Business/Customer/Customer.h" />
		<Unit filename="src/Simulation/Business/Customer/Support/Complaint.h" />
		<Unit filename="src/Simulation/Business/Customer/Support/Ticket.h" />
		<Unit filename="src/Simulation/Business/Employee.h" />
		<Unit filename="src/Simulation/Business/HR/Resume.h" />
		<Unit filename="src/Simulation/Business/Lawyer.h" />
		<Unit filename="src/Simulation/Business/Payroll/PHours.h" />
		<Unit filename="src/Simulation/Business/Payroll/Payroll.h" />
		<Unit filename="src/Simulation/Business/Person.h" />
		<Unit filename="src/Simulation/Business/Report/Case.h" />
		<Unit filename="src/Simulation/Business/Stocks/Stock.h" />
		<Unit filename="src/Simulation/Business/include.h" />
		<Unit filename="src/Simulation/Dwarves/Dwarves.h" />
		<Unit filename="src/Simulation/Dwarves/Entities/Action.h" />
		<Unit filename="src/Simulation/Dwarves/Entities/Creature.h" />
		<Unit filename="src/Simulation/Dwarves/Entities/Dwarf.h" />
		<Unit filename="src/Simulation/Dwarves/Entities/Injury.h" />
		<Unit filename="src/Simulation/Dwarves/Entities/IntelligentCreature.h" />
		<Unit filename="src/Simulation/Dwarves/Entities/Skill/Skill.h" />
		<Unit filename="src/Simulation/Dwarves/Entities/Skill/Spell.h" />
		<Unit filename="src/Simulation/Dwarves/Map/Map.h" />
		<Unit filename="src/Simulation/Dwarves/Map/MapRegion.h" />
		<Unit filename="src/Simulation/Dwarves/dw_races.h" />
		<Unit filename="src/Simulation/Dwarves/include.h" />
		<Unit filename="src/Simulation/Entity.h" />
		<Unit filename="src/Simulation/Environment/Object/Tree.h" />
		<Unit filename="src/Simulation/Environment/Planet/Moon.h" />
		<Unit filename="src/Simulation/Environment/Planet/Ocean.cpp" />
		<Unit filename="src/Simulation/Environment/Planet/Ocean.h" />
		<Unit filename="src/Simulation/Environment/Planet/Planet.cpp" />
		<Unit filename="src/Simulation/Environment/Planet/Planet.h" />
		<Unit filename="src/Simulation/Environment/Planet/Planet_Atmosphere.cpp" />
		<Unit filename="src/Simulation/Environment/Planet/Planet_Terrain.cpp" />
		<Unit filename="src/Simulation/Environment/Space/Asteroid.h" />
		<Unit filename="src/Simulation/Environment/Space/Galaxy.h" />
		<Unit filename="src/Simulation/Environment/Space/Nebula.h" />
		<Unit filename="src/Simulation/Environment/Space/SolarObject.h" />
		<Unit filename="src/Simulation/Environment/Space/Star.h" />
		<Unit filename="src/Simulation/Environment/Universe.h" />
		<Unit filename="src/Simulation/Environment/Universe/GameUniverse.hpp" />
		<Unit filename="src/Simulation/Environment/Universe/ULaw.cpp" />
		<Unit filename="src/Simulation/Environment/Universe/ULaw.h" />
		<Unit filename="src/Simulation/Environment/include.h" />
		<Unit filename="src/Simulation/Location.cpp" />
		<Unit filename="src/Simulation/Location.h" />
		<Unit filename="src/Simulation/SLocation.h" />
		<Unit filename="src/Simulation/Society/Citizen.cpp" />
		<Unit filename="src/Simulation/Society/Citizen.h" />
		<Unit filename="src/Simulation/Society/Government/Government.cpp" />
		<Unit filename="src/Simulation/Society/Government/Government.h" />
		<Unit filename="src/Simulation/Society/Race.h" />
		<Unit filename="src/Simulation/Society/Relations.h" />
		<Unit filename="src/Simulation/Society/War/War.h" />
		<Unit filename="src/Simulation/Society/War/WarParty.h" />
		<Unit filename="src/Simulation/Society/include.h" />
		<Unit filename="src/Simulation/include.h" />
		<Unit filename="src/WebFramework/Backend/ChatManager/ChatChannel.h" />
		<Unit filename="src/WebFramework/Backend/ChatManager/ChatClient.h" />
		<Unit filename="src/WebFramework/Backend/ChatManager/ChatFilter.h" />
		<Unit filename="src/WebFramework/Backend/ChatManager/ChatManager.h" />
		<Unit filename="src/WebFramework/Backend/backend.h" />
		<Unit filename="src/WebFramework/Encoding/CompressedJSON.h" />
		<Unit filename="src/WebFramework/Encoding/JSON.h" />
		<Unit filename="src/WebFramework/Encoding/UrlEncoding.h" />
		<Unit filename="src/WebFramework/Network/ChannelledClient.cpp" />
		<Unit filename="src/WebFramework/Network/ChannelledClient.h" />
		<Unit filename="src/WebFramework/Network/ChannelledServer.cpp" />
		<Unit filename="src/WebFramework/Network/ChannelledServer.h" />
		<Unit filename="src/WebFramework/Network/HTMLServer.cpp" />
		<Unit filename="src/WebFramework/Network/HTMLServer.h" />
		<Unit filename="src/WebFramework/Network/HTTPServer.cpp" />
		<Unit filename="src/WebFramework/Network/HTTPServer.h" />
		<Unit filename="src/WebFramework/Network/PacketChannel.cpp" />
		<Unit filename="src/WebFramework/Network/PacketChannel.h" />
		<Unit filename="src/WebFramework/Network/RESTFulEndpoint.cpp" />
		<Unit filename="src/WebFramework/Network/RESTFulServer.cpp" />
		<Unit filename="src/WebFramework/Network/RESTFulServer.h" />
		<Unit filename="src/WebFramework/Network/SockClient.cpp" />
		<Unit filename="src/WebFramework/Network/SockClient.h" />
		<Unit filename="src/WebFramework/Network/SocketServer.cpp" />
		<Unit filename="src/WebFramework/Network/SocketServer.h" />
		<Unit filename="src/WebFramework/Network/Types/HTMLRequest.h" />
		<Unit filename="src/WebFramework/Network/Types/HTMLResponse.cpp" />
		<Unit filename="src/WebFramework/Network/Types/HTMLResponse.h" />
		<Unit filename="src/WebFramework/Network/Types/HTTPRequest.cpp" />
		<Unit filename="src/WebFramework/Network/Types/HTTPRequest.h" />
		<Unit filename="src/WebFramework/Network/Types/HTTPResponse.cpp" />
		<Unit filename="src/WebFramework/Network/Types/HTTPResponse.h" />
		<Unit filename="src/WebFramework/Network/Types/HTTPTypes.cpp" />
		<Unit filename="src/WebFramework/Network/Types/HTTPTypes.h" />
		<Unit filename="src/WebFramework/Network/network.h" />
		<Unit filename="src/WebFramework/Network/test/NetworkTest.hpp" />
		<Unit filename="src/WebFramework/Templates/Template.cpp" />
		<Unit filename="src/WebFramework/Templates/Template.h" />
		<Unit filename="src/WebFramework/includes.h" />
		<Unit filename="src/WebFramework/namespace.h" />
		<Unit filename="src/asm/asm1.cpp" />
		<Unit filename="src/asm/asm1.h" />
		<Unit filename="src/constants.cpp" />
		<Unit filename="src/constants.h" />
		<Unit filename="src/include.h" />
		<Unit filename="src/test.h" />
		<Extensions>
			<code_completion />
			<debugger />
			<envvars />
		</Extensions>
	</Project>
</CodeBlocks_project_file>
