<?xml version="1.0" encoding="UTF-8" standalone="yes" ?>
<CodeBlocks_project_file>
	<FileVersion major="1" minor="6" />
	<Project>
		<Option title="EterniaLib" />
		<Option pch_mode="2" />
		<Option compiler="gcc" />
		<Build>
			<Target title="Debug">
				<Option output="bin/Debug/EterniaLib" prefix_auto="1" extension_auto="1" />
				<Option object_output="obj/Debug/" />
				<Option type="1" />
				<Option compiler="gcc" />
				<Compiler>
					<Add option="-w" />
					<Add option="-std=c++11" />
					<Add option="-m32" />
					<Add option="-g" />
				</Compiler>
				<Linker>
					<Add option="-m32" />
					<Add option="-lpthread" />
				</Linker>
			</Target>
			<Target title="Release">
				<Option output="bin/Release/EterniaLib" prefix_auto="1" extension_auto="1" />
				<Option object_output="obj/Release/" />
				<Option type="1" />
				<Option compiler="gcc" />
				<Compiler>
					<Add option="-fomit-frame-pointer" />
					<Add option="-fexpensive-optimizations" />
					<Add option="-O3" />
					<Add option="-std=c++11" />
					<Add option="-w" />
					<Add option="-m32" />
				</Compiler>
				<Linker>
					<Add option="-s" />
				</Linker>
			</Target>
			<Target title="Release64">
				<Option output="bin/Release/EterniaLib" prefix_auto="1" extension_auto="1" />
				<Option object_output="obj/Release/x64/" />
				<Option type="1" />
				<Option compiler="gcc" />
				<Compiler>
					<Add option="-fexpensive-optimizations" />
					<Add option="-O3" />
					<Add option="-std=c++11" />
					<Add option="-w" />
				</Compiler>
				<Linker>
					<Add option="-s" />
				</Linker>
			</Target>
			<Target title="Debug64">
				<Option output="bin/Debug/EterniaLib" prefix_auto="1" extension_auto="1" />
				<Option object_output="obj/Debug/x64/" />
				<Option type="1" />
				<Option compiler="gcc" />
				<Compiler>
					<Add option="-w" />
					<Add option="-std=c++11" />
					<Add option="-g" />
					<Add option="-pipe" />
				</Compiler>
				<Linker>
					<Add option="-lpthread" />
				</Linker>
			</Target>
		</Build>
		<Compiler>
			<Add option="-Wall" />
		</Compiler>
		<Unit filename="Eternia.h" />
		<Unit filename="main.cpp" />
		<Unit filename="src/AI/AI.h" />
		<Unit filename="src/AI/AIFactory.h" />
		<Unit filename="src/AI/AIMonarch.h" />
		<Unit filename="src/AI/NeuralNetwork/CNN.h" />
		<Unit filename="src/AI/NeuralNetwork/LSTM.cpp" />
		<Unit filename="src/AI/NeuralNetwork/LSTM.h" />
		<Unit filename="src/AI/NeuralNetwork/LSTMLayer.hpp" />
		<Unit filename="src/AI/NeuralNetwork/LSTMNode.hpp" />
		<Unit filename="src/AI/NeuralNetwork/LSTM_train.cpp" />
		<Unit filename="src/AI/NeuralNetwork/NeuralNetwork.h" />
		<Unit filename="src/AI/test/testAI.h" />
		<Unit filename="src/AI/test/testLSTM_XOR4.cpp" />
		<Unit filename="src/API/APICore.cpp" />
		<Unit filename="src/API/APICore.h" />
		<Unit filename="src/API/APIEventRegistry.cpp" />
		<Unit filename="src/API/APIEventRegistry.h" />
		<Unit filename="src/API/APIGroup.h" />
		<Unit filename="src/API/APIMod.cpp" />
		<Unit filename="src/API/APIMod.h" />
		<Unit filename="src/API/APIModRemoteRegistry.h" />
		<Unit filename="src/API/APIPermission.cpp" />
		<Unit filename="src/API/APIPermission.h" />
		<Unit filename="src/API/APIPermissionsRegistry.cpp" />
		<Unit filename="src/API/APIPermissionsRegistry.h" />
		<Unit filename="src/API/APIUser.cpp" />
		<Unit filename="src/API/APIUser.h" />
		<Unit filename="src/API/test/testAPI.cpp" />
		<Unit filename="src/API/test/testAPI.h" />
		<Unit filename="src/API/test/testAPICore.cpp" />
		<Unit filename="src/API/test/testAPIMod.cpp" />
		<Unit filename="src/Algorithm/Compression/BasicCompressor.cpp" />
		<Unit filename="src/Algorithm/Compression/BasicCompressor.h" />
		<Unit filename="src/Algorithm/Cryptography/Aes256.cpp" />
		<Unit filename="src/Algorithm/Cryptography/Aes256.h" />
		<Unit filename="src/Algorithm/Cryptography/Aes256r.c">
			<Option compilerVar="CC" />
		</Unit>
		<Unit filename="src/Algorithm/Cryptography/Aes256r.h" />
		<Unit filename="src/Algorithm/Cryptography/CryptoDefiner_Class.hpp" />
		<Unit filename="src/Algorithm/Cryptography/CryptoDefines.h" />
		<Unit filename="src/Algorithm/Cryptography/ExHash.h" />
		<Unit filename="src/Algorithm/Cryptography/ExHash_SumMap.hpp" />
		<Unit filename="src/Algorithm/Cryptography/crc32.cpp" />
		<Unit filename="src/Algorithm/Cryptography/crc32.h" />
		<Unit filename="src/Algorithm/Cryptography/md5.cpp" />
		<Unit filename="src/Algorithm/Cryptography/md5.h" />
		<Unit filename="src/Algorithm/Cryptography/test/testExHash.hpp" />
		<Unit filename="src/Algorithm/Pathing/DijkstraPath.hpp" />
		<Unit filename="src/Algorithm/Sorting/InsertionSort.cpp" />
		<Unit filename="src/Algorithm/Sorting/InsertionSort.h" />
		<Unit filename="src/Algorithm/Sorting/MergeSort.cpp" />
		<Unit filename="src/Algorithm/Sorting/MergeSort.h" />
		<Unit filename="src/Algorithm/Sorting/QuickSort.cpp" />
		<Unit filename="src/Algorithm/Sorting/QuickSort.h" />
		<Unit filename="src/Algorithm/Sorting/SelectionSort.cpp" />
		<Unit filename="src/Algorithm/Sorting/SelectionSort.h" />
		<Unit filename="src/Algorithm/includes.h" />
		<Unit filename="src/Audio/AudioBuffer.h" />
		<Unit filename="src/Audio/Generate/WhiteNoice.cpp" />
		<Unit filename="src/Audio/Generate/WhiteNoise.h" />
		<Unit filename="src/Data/AbstractDatabase/AbstractDB.h" />
		<Unit filename="src/Data/AbstractDatabase/AbstractDBCacheMap.cpp" />
		<Unit filename="src/Data/AbstractDatabase/AbstractDBDate.hpp" />
		<Unit filename="src/Data/AbstractDatabase/AbstractDBField.cpp" />
		<Unit filename="src/Data/AbstractDatabase/AbstractDBRow.cpp" />
		<Unit filename="src/Data/AbstractDatabase/AbstractDBTable.cpp" />
		<Unit filename="src/Data/ArrayList.hpp" />
		<Unit filename="src/Data/ArrayListIterator.hpp" />
		<Unit filename="src/Data/BitMap.cpp" />
		<Unit filename="src/Data/BitMap.h" />
		<Unit filename="src/Data/CRCData.hpp" />
		<Unit filename="src/Data/CharString.cpp" />
		<Unit filename="src/Data/CharString.h" />
		<Unit filename="src/Data/CharString_static.cpp" />
		<Unit filename="src/Data/Concurrent/ConcurrentLinkedList.hpp" />
		<Unit filename="src/Data/Concurrent/Locker.hpp" />
		<Unit filename="src/Data/Concurrent/ThreadJob.cpp" />
		<Unit filename="src/Data/Concurrent/ThreadJob.h" />
		<Unit filename="src/Data/Concurrent/ThreadPool.cpp" />
		<Unit filename="src/Data/Concurrent/ThreadPool.h" />
		<Unit filename="src/Data/Concurrent/ThreadPool_Thread.cpp" />
		<Unit filename="src/Data/Concurrent/test/testConcurrent.h" />
		<Unit filename="src/Data/Concurrent/test/testThreadPool.cpp" />
		<Unit filename="src/Data/CyclicList.hpp" />
		<Unit filename="src/Data/DB/DBList.h" />
		<Unit filename="src/Data/DB/DBRow.h" />
		<Unit filename="src/Data/DoubleList.cpp" />
		<Unit filename="src/Data/DoubleList.h" />
		<Unit filename="src/Data/DynamicType.cpp" />
		<Unit filename="src/Data/DynamicType.h" />
		<Unit filename="src/Data/Events/Event.h" />
		<Unit filename="src/Data/Events/EventHandle.cpp" />
		<Unit filename="src/Data/Events/EventHandle.h" />
		<Unit filename="src/Data/Events/EventHandler.cpp" />
		<Unit filename="src/Data/Events/EventHandler.h" />
		<Unit filename="src/Data/Events/test/testEventHandler.hpp" />
		<Unit filename="src/Data/FileCache.cpp" />
		<Unit filename="src/Data/FileCache.h" />
		<Unit filename="src/Data/FileCache_List.cpp" />
		<Unit filename="src/Data/FileCache_Map.cpp" />
		<Unit filename="src/Data/FileCache_Policy.cpp" />
		<Unit filename="src/Data/FileCache_Policy.h" />
		<Unit filename="src/Data/FileFormat/CSV.cpp" />
		<Unit filename="src/Data/FileFormat/CSV.h" />
		<Unit filename="src/Data/FileFormat/MTL.cpp" />
		<Unit filename="src/Data/FileFormat/MTL.h" />
		<Unit filename="src/Data/FileFormat/OBJ.cpp" />
		<Unit filename="src/Data/FileFormat/OBJ.h" />
		<Unit filename="src/Data/FileFormat/XML.h" />
		<Unit filename="src/Data/FileFormat/XML_file.cpp" />
		<Unit filename="src/Data/FileSystem.cpp" />
		<Unit filename="src/Data/FileSystem.h" />
		<Unit filename="src/Data/Graph.cpp" />
		<Unit filename="src/Data/Graph.h" />
		<Unit filename="src/Data/HashMap.hpp" />
		<Unit filename="src/Data/HashTable.cpp" />
		<Unit filename="src/Data/HashTable.h" />
		<Unit filename="src/Data/Heap.cpp" />
		<Unit filename="src/Data/Heap.h" />
		<Unit filename="src/Data/LinkedList.hpp" />
		<Unit filename="src/Data/LinkedListIterator.hpp" />
		<Unit filename="src/Data/LinkedMap.cpp" />
		<Unit filename="src/Data/LinkedMap.h" />
		<Unit filename="src/Data/List.a.h" />
		<Unit filename="src/Data/ListIterator.a.h" />
		<Unit filename="src/Data/Location.cpp" />
		<Unit filename="src/Data/Location.h" />
		<Unit filename="src/Data/Logger/Logger.cpp" />
		<Unit filename="src/Data/Logger/Logger.h" />
		<Unit filename="src/Data/Object.h" />
		<Unit filename="src/Data/PriorityQueue.cpp" />
		<Unit filename="src/Data/PriorityQueue.h" />
		<Unit filename="src/Data/Protect/PType.hpp" />
		<Unit filename="src/Data/Queue.cpp" />
		<Unit filename="src/Data/Queue.h" />
		<Unit filename="src/Data/SecureFileCache.hpp" />
		<Unit filename="src/Data/Stack.hpp" />
		<Unit filename="src/Data/TimeProfiler.cpp" />
		<Unit filename="src/Data/TimeProfiler.h" />
		<Unit filename="src/Data/Timer.h" />
		<Unit filename="src/Data/TreeList.cpp" />
		<Unit filename="src/Data/TreeList.h" />
		<Unit filename="src/Data/UInt512.hpp" />
		<Unit filename="src/Data/includes.h" />
		<Unit filename="src/Data/test/testAbstractDB.cpp" />
		<Unit filename="src/Data/test/testAbstractDB.h" />
		<Unit filename="src/Data/test/testDataStructures.cpp" />
		<Unit filename="src/Data/test/testDataStructures.h" />
		<Unit filename="src/Data/test/testPType.cpp" />
		<Unit filename="src/Data/test/testPType.h" />
		<Unit filename="src/Design/Colors.h" />
		<Unit filename="src/Design/Events/KeyHandleEvent.cpp" />
		<Unit filename="src/Design/Events/KeyHandleEvent.h" />
		<Unit filename="src/Design/Events/MouseHandleEvent.cpp" />
		<Unit filename="src/Design/Events/MouseHandleEvent.h" />
		<Unit filename="src/Design/GUI/Layout.h" />
		<Unit filename="src/Design/GUI/LayoutObject.cpp" />
		<Unit filename="src/Design/GUI/LayoutObject.h" />
		<Unit filename="src/Design/GUI/LocalLayout.h" />
		<Unit filename="src/Design/GUI/View.h" />
		<Unit filename="src/Design/IAnimated.cpp" />
		<Unit filename="src/Design/IAnimated.h" />
		<Unit filename="src/Design/Model/IMaterial.cpp" />
		<Unit filename="src/Design/Model/IMaterial.h" />
		<Unit filename="src/Design/Model/IModel.cpp" />
		<Unit filename="src/Design/Model/IModel.h" />
		<Unit filename="src/Design/Model/IModelPart.cpp" />
		<Unit filename="src/Design/Model/IModelPart.h" />
		<Unit filename="src/Design/Voxel/Block.h" />
		<Unit filename="src/Design/Voxel/Chunk.h" />
		<Unit filename="src/Design/Voxel/ChunkLoader.h" />
		<Unit filename="src/Design/Voxel/ChunkRequest.h" />
		<Unit filename="src/Design/Voxel/Geometry2D.h" />
		<Unit filename="src/Design/Voxel/Geometry3D.h" />
		<Unit filename="src/Design/Voxel/Tile/FurnaceExample.hpp" />
		<Unit filename="src/Design/Voxel/TiledBlock.h" />
		<Unit filename="src/Design/includes.h" />
		<Unit filename="src/Driver/LinuxDriver.h" />
		<Unit filename="src/Driver/OSXDriver.h" />
		<Unit filename="src/Driver/WinDriver.h" />
		<Unit filename="src/Emulation/MPU/in430.h" />
		<Unit filename="src/Emulation/MPU/msp430.cpp" />
		<Unit filename="src/Emulation/MPU/msp430.h" />
		<Unit filename="src/Emulation/MPU/msp430_Instructions.cpp" />
		<Unit filename="src/Emulation/MPU/msp430_Interrupts.cpp" />
		<Unit filename="src/Emulation/MPU/msp430_Opcodes.h" />
		<Unit filename="src/Emulation/MPU/msp430_Registers.h" />
		<Unit filename="src/Emulation/MPU/msp430_USCI.cpp" />
		<Unit filename="src/Emulation/MPU/msp430_declare_consts.h" />
		<Unit filename="src/Emulation/MPU/msp430_timers.cpp" />
		<Unit filename="src/Emulation/MPU/msp430g2553.h" />
		<Unit filename="src/Emulation/SecondTick.cpp" />
		<Unit filename="src/Emulation/SecondTick.h" />
		<Unit filename="src/Emulation/includes.h" />
		<Unit filename="src/Engineering/Chemistry/Atom.cpp" />
		<Unit filename="src/Engineering/Chemistry/Atom.h" />
		<Unit filename="src/Engineering/Chemistry/Composite.cpp" />
		<Unit filename="src/Engineering/Chemistry/Composite.h" />
		<Unit filename="src/Engineering/Chemistry/Ore.h" />
		<Unit filename="src/Engineering/Chemistry/Particles/AntiBaryon.h" />
		<Unit filename="src/Engineering/Chemistry/Particles/AntiNeutron.h" />
		<Unit filename="src/Engineering/Chemistry/Particles/AntiProton.h" />
		<Unit filename="src/Engineering/Chemistry/Particles/Baryon.h" />
		<Unit filename="src/Engineering/Chemistry/Particles/BaseParticle.h" />
		<Unit filename="src/Engineering/Chemistry/Particles/Meson.h" />
		<Unit filename="src/Engineering/Chemistry/Particles/Neutrino.h" />
		<Unit filename="src/Engineering/Chemistry/Particles/Neutron.h" />
		<Unit filename="src/Engineering/Chemistry/Particles/Pion.h" />
		<Unit filename="src/Engineering/Chemistry/Particles/Positron.h" />
		<Unit filename="src/Engineering/Chemistry/Particles/Proton.h" />
		<Unit filename="src/Engineering/Chemistry/Particles/Quarks/DownQuark.h" />
		<Unit filename="src/Engineering/Chemistry/Particles/Quarks/Down_AntiQuark.h" />
		<Unit filename="src/Engineering/Chemistry/Particles/Quarks/Gluon.h" />
		<Unit filename="src/Engineering/Chemistry/Particles/Quarks/UpQuark.h" />
		<Unit filename="src/Engineering/Chemistry/Particles/Quarks/Up_AntiQuark.h" />
		<Unit filename="src/Engineering/Chemistry/elements.h" />
		<Unit filename="src/Engineering/Chemistry/includes.h" />
		<Unit filename="src/Engineering/Civil/Building.h" />
		<Unit filename="src/Engineering/Civil/Commercial.h" />
		<Unit filename="src/Engineering/Civil/Industry.h" />
		<Unit filename="src/Engineering/Civil/Infrastructure/Road.h" />
		<Unit filename="src/Engineering/Civil/Residence.h" />
		<Unit filename="src/Engineering/Civil/Utility.h" />
		<Unit filename="src/Engineering/Electrical/Circuit.h" />
		<Unit filename="src/Engineering/Electrical/Components/Capacitor.h" />
		<Unit filename="src/Engineering/Electrical/Components/Component.h" />
		<Unit filename="src/Engineering/Electrical/Components/ComponentRating.cpp" />
		<Unit filename="src/Engineering/Electrical/Components/ComponentRating.h" />
		<Unit filename="src/Engineering/Electrical/Components/Diode.h" />
		<Unit filename="src/Engineering/Electrical/Components/HBridge.h" />
		<Unit filename="src/Engineering/Electrical/Components/Inductor.h" />
		<Unit filename="src/Engineering/Electrical/Components/Inverter.h" />
		<Unit filename="src/Engineering/Electrical/Components/LBridge.h" />
		<Unit filename="src/Engineering/Electrical/Components/Mosfet.h" />
		<Unit filename="src/Engineering/Electrical/Components/Rectifier.h" />
		<Unit filename="src/Engineering/Electrical/Components/Resistor.h" />
		<Unit filename="src/Engineering/Electrical/Components/ResistorBands.h" />
		<Unit filename="src/Engineering/Electrical/Components/Transistor.h" />
		<Unit filename="src/Engineering/Electrical/Components/includes.h" />
		<Unit filename="src/Engineering/Electrical/IC/ASIC.h" />
		<Unit filename="src/Engineering/Electrical/IC/FPGA.h" />
		<Unit filename="src/Engineering/Electrical/IC/General/IC555.cpp" />
		<Unit filename="src/Engineering/Electrical/IC/General/IC555.h" />
		<Unit filename="src/Engineering/Electrical/IC/IC.cpp" />
		<Unit filename="src/Engineering/Electrical/IC/IC.h" />
		<Unit filename="src/Engineering/Electrical/IC/RAM.cpp" />
		<Unit filename="src/Engineering/Electrical/IC/RAM.h" />
		<Unit filename="src/Engineering/Electrical/IC/namespace.h" />
		<Unit filename="src/Engineering/Electrical/Pin.cpp" />
		<Unit filename="src/Engineering/Electrical/Pin.h" />
		<Unit filename="src/Engineering/Electrical/PowerValue.cpp" />
		<Unit filename="src/Engineering/Electrical/PowerValue.h" />
		<Unit filename="src/Engineering/Electrical/Signal/CLKProvider.cpp" />
		<Unit filename="src/Engineering/Electrical/Signal/CLKProvider.h" />
		<Unit filename="src/Engineering/Electrical/Signal/FreqSignal.h" />
		<Unit filename="src/Engineering/Electrical/Signal/PWM.cpp" />
		<Unit filename="src/Engineering/Electrical/Signal/PWM.h" />
		<Unit filename="src/Engineering/Electrical/Signal/Sample.h" />
		<Unit filename="src/Engineering/Electrical/Signal/Signal.h" />
		<Unit filename="src/Engineering/Electrical/Signal/TimeSignal.h" />
		<Unit filename="src/Engineering/Electrical/Signal/includes.h" />
		<Unit filename="src/Engineering/Electrical/VNode.h" />
		<Unit filename="src/Engineering/Physics/Equations.cpp" />
		<Unit filename="src/Engineering/Physics/Equations.h" />
		<Unit filename="src/Engineering/Physics/FluidMechanics/FluidMechanics.cpp" />
		<Unit filename="src/Engineering/Physics/FluidMechanics/FluidMechanics.h" />
		<Unit filename="src/Engineering/Physics/Kinematics/CircularMotion.cpp" />
		<Unit filename="src/Engineering/Physics/Kinematics/CircularMotion.h" />
		<Unit filename="src/Engineering/Physics/Kinematics/Collision1D.cpp" />
		<Unit filename="src/Engineering/Physics/Kinematics/Collision1D.h" />
		<Unit filename="src/Engineering/Physics/Kinematics/FreeBody.cpp" />
		<Unit filename="src/Engineering/Physics/Kinematics/FreeBody.h" />
		<Unit filename="src/Engineering/Physics/Orbit.cpp" />
		<Unit filename="src/Engineering/Physics/Orbit.h" />
		<Unit filename="src/Engineering/Physics/Rotational/RotationalBody.h" />
		<Unit filename="src/Engineering/Physics/Rotational/RotationalFuncs.cpp" />
		<Unit filename="src/Engineering/Physics/Rotational/RotationalFuncs.h" />
		<Unit filename="src/Engineering/Physics/ThermalDynamics/ThermalDynamics.cpp" />
		<Unit filename="src/Engineering/Physics/ThermalDynamics/ThermalDynamics.h" />
		<Unit filename="src/Engineering/Physics/Work.cpp" />
		<Unit filename="src/Engineering/Physics/Work.h" />
		<Unit filename="src/Engineering/Physics/test/testFriction.cpp" />
		<Unit filename="src/Engineering/Physics/test/testFriction.h" />
		<Unit filename="src/Engineering/Physics/test/testGravity.cpp" />
		<Unit filename="src/Engineering/Physics/test/testGravity.h" />
		<Unit filename="src/Engineering/Physics/test/testOrbit.cpp" />
		<Unit filename="src/Engineering/Physics/test/testOrbit.h" />
		<Unit filename="src/Engineering/Physics/test/tests.h" />
		<Unit filename="src/Engineering/includes.h" />
		<Unit filename="src/Localization/LanguageController.cpp" />
		<Unit filename="src/Localization/LanguageController.h" />
		<Unit filename="src/Math/Arbitrary.cpp" />
		<Unit filename="src/Math/Arbitrary.h" />
		<Unit filename="src/Math/ArbitraryInteger.cpp" />
		<Unit filename="src/Math/ArbitraryInteger.h" />
		<Unit filename="src/Math/Complex.hpp" />
		<Unit filename="src/Math/Equation.cpp" />
		<Unit filename="src/Math/Equation.h" />
		<Unit filename="src/Math/Equation_CALC.cpp" />
		<Unit filename="src/Math/Eval.cpp" />
		<Unit filename="src/Math/Eval.h" />
		<Unit filename="src/Math/Functions/Basic.cpp" />
		<Unit filename="src/Math/Functions/Basic.h" />
		<Unit filename="src/Math/Functions/FFT.cpp" />
		<Unit filename="src/Math/Functions/FFT.h" />
		<Unit filename="src/Math/Functions/Sigmoid.cpp" />
		<Unit filename="src/Math/Functions/Sigmoid.h" />
		<Unit filename="src/Math/Functions/Trig.cpp" />
		<Unit filename="src/Math/Functions/Trig.h" />
		<Unit filename="src/Math/LinkedListMath.def.h" />
		<Unit filename="src/Math/LinkedListMath/LinkedListMath.hpp" />
		<Unit filename="src/Math/Math.h" />
		<Unit filename="src/Math/Random.hpp" />
		<Unit filename="src/Math/statistics/Probability.h" />
		<Unit filename="src/Math/statistics/statistics.h" />
		<Unit filename="src/Math/struct/Basis.cpp" />
		<Unit filename="src/Math/struct/Basis.h" />
		<Unit filename="src/Math/struct/Matrix.cpp" />
		<Unit filename="src/Math/struct/Matrix.h" />
		<Unit filename="src/Math/struct/VectorSpace.cpp" />
		<Unit filename="src/Math/struct/VectorSpace.h" />
		<Unit filename="src/Math/struct/vertex.cpp" />
		<Unit filename="src/Math/struct/vertex.h" />
		<Unit filename="src/Math/struct/vertex4d.cpp" />
		<Unit filename="src/Math/struct/vertex4d.h" />
		<Unit filename="src/Math/test/testMath.cpp" />
		<Unit filename="src/Math/test/testMath.h" />
		<Unit filename="src/Network/Channelled/ChannelledClient.cpp" />
		<Unit filename="src/Network/Channelled/ChannelledClient.h" />
		<Unit filename="src/Network/Channelled/ChannelledServer.cpp" />
		<Unit filename="src/Network/Channelled/ChannelledServer.h" />
		<Unit filename="src/Network/Channelled/PacketChannel.cpp" />
		<Unit filename="src/Network/Channelled/PacketChannel.h" />
		<Unit filename="src/Network/HTTP/HTTPServer.cpp" />
		<Unit filename="src/Network/HTTP/HTTPServer.h" />
		<Unit filename="src/Network/MSG/MSGClient.cpp" />
		<Unit filename="src/Network/MSG/MSGClient.h" />
		<Unit filename="src/Network/MSG/MSGClientChannel.cpp" />
		<Unit filename="src/Network/MSG/MSGClientChannel.h" />
		<Unit filename="src/Network/MSG/MSGServer.cpp" />
		<Unit filename="src/Network/MSG/MSGServer.h" />
		<Unit filename="src/Network/RESTFul/RESTFulEndpoint.cpp" />
		<Unit filename="src/Network/RESTFul/RESTFulServer.cpp" />
		<Unit filename="src/Network/RESTFul/RESTFulServer.h" />
		<Unit filename="src/Network/SockClient.cpp" />
		<Unit filename="src/Network/SockClient.h" />
		<Unit filename="src/Network/SocketServer.cpp" />
		<Unit filename="src/Network/SocketServer.h" />
		<Unit filename="src/Network/Types/HTTPRequest.cpp" />
		<Unit filename="src/Network/Types/HTTPRequest.h" />
		<Unit filename="src/Network/Types/HTTPResponse.cpp" />
		<Unit filename="src/Network/Types/HTTPResponse.h" />
		<Unit filename="src/Network/Types/HTTPTypes.cpp" />
		<Unit filename="src/Network/Types/HTTPTypes.h" />
		<Unit filename="src/Network/network.h" />
		<Unit filename="src/Network/test/NetworkTest.hpp" />
		<Unit filename="src/Parsing/CodeParser.h" />
		<Unit filename="src/Parsing/Config.cpp" />
		<Unit filename="src/Parsing/Config.h" />
		<Unit filename="src/Parsing/HTMLParser.cpp" />
		<Unit filename="src/Parsing/HTMLParser.h" />
		<Unit filename="src/Parsing/HTMLTags.h" />
		<Unit filename="src/Parsing/InputRedirection.cpp" />
		<Unit filename="src/Parsing/InputRedirection.h" />
		<Unit filename="src/Parsing/LoadFile.cpp" />
		<Unit filename="src/Parsing/LoadFile.h" />
		<Unit filename="src/Parsing/Regex.cpp" />
		<Unit filename="src/Parsing/Regex.h" />
		<Unit filename="src/Parsing/SecuredParser.cpp" />
		<Unit filename="src/Parsing/SecuredParser.h" />
		<Unit filename="src/Parsing/SimpleParser.cpp" />
		<Unit filename="src/Parsing/SimpleParser.h" />
		<Unit filename="src/Parsing/includes.h" />
		<Unit filename="src/Parsing/test/testParsers.cpp" />
		<Unit filename="src/Parsing/test/testParsers.h" />
		<Unit filename="src/Programming/CPLScript/CPLScripter.h" />
		<Unit filename="src/Programming/EfficiencyTimer.cpp" />
		<Unit filename="src/Programming/EfficiencyTimer.h" />
		<Unit filename="src/Programming/Forth/Forth.cpp" />
		<Unit filename="src/Programming/Forth/Forth.h" />
		<Unit filename="src/Programming/Instruction.h" />
		<Unit filename="src/Programming/Program.cpp" />
		<Unit filename="src/Programming/Program.h" />
		<Unit filename="src/Programming/ProgramError.cpp" />
		<Unit filename="src/Programming/ProgramError.h" />
		<Unit filename="src/Programming/Visual/VProgramError.cpp" />
		<Unit filename="src/Programming/Visual/VProgramError.h" />
		<Unit filename="src/Programming/Visual/VProgramNode.h" />
		<Unit filename="src/Programming/Visual/VProgramVariable.cpp.old" />
		<Unit filename="src/Programming/Visual/VProgramVariable.h.old" />
		<Unit filename="src/Programming/Visual/VisualProgram.cpp" />
		<Unit filename="src/Serialization/SpecificSerializer.cpp" />
		<Unit filename="src/Serialization/SpecificSerializer.h" />
		<Unit filename="src/Serialization/SpecificSerializer_JSON.cpp" />
		<Unit filename="src/Serialization/includes.h" />
		<Unit filename="src/Serialization/test/testSerializers.hpp" />
		<Unit filename="src/Simulation/Action.h" />
		<Unit filename="src/Simulation/BodyLocation.h" />
		<Unit filename="src/Simulation/Business/ALocation.h" />
		<Unit filename="src/Simulation/Business/Accounting/Account.h" />
		<Unit filename="src/Simulation/Business/Accounting/Accounting.h" />
		<Unit filename="src/Simulation/Business/Accounting/Audit.h" />
		<Unit filename="src/Simulation/Business/Accounting/Budget.h" />
		<Unit filename="src/Simulation/Business/Accounting/Equity.h" />
		<Unit filename="src/Simulation/Business/Accounting/Expense.h" />
		<Unit filename="src/Simulation/Business/Accounting/Fund.h" />
		<Unit filename="src/Simulation/Business/Accounting/InvestmentAccount.h" />
		<Unit filename="src/Simulation/Business/Accounting/Liability.h" />
		<Unit filename="src/Simulation/Business/Accounting/Revenue.h" />
		<Unit filename="src/Simulation/Business/Accounting/Tax.h" />
		<Unit filename="src/Simulation/Business/Accounting/Transaction.h" />
		<Unit filename="src/Simulation/Business/AssetHolder.h" />
		<Unit filename="src/Simulation/Business/Assets/Asset.h" />
		<Unit filename="src/Simulation/Business/Assets/IntellectualProperty/Copyright.h" />
		<Unit filename="src/Simulation/Business/Assets/IntellectualProperty/Design.h" />
		<Unit filename="src/Simulation/Business/Assets/IntellectualProperty/IP.h" />
		<Unit filename="src/Simulation/Business/Assets/IntellectualProperty/Patent.h" />
		<Unit filename="src/Simulation/Business/Assets/IntellectualProperty/Trademark.h" />
		<Unit filename="src/Simulation/Business/Assets/Item.h" />
		<Unit filename="src/Simulation/Business/Assets/Material/Material.h" />
		<Unit filename="src/Simulation/Business/Assets/Operation/Factory.h" />
		<Unit filename="src/Simulation/Business/Assets/Operation/inventory.h" />
		<Unit filename="src/Simulation/Business/Assets/Property/Building.h" />
		<Unit filename="src/Simulation/Business/Assets/Property/Car.h" />
		<Unit filename="src/Simulation/Business/Assets/Property/House.h" />
		<Unit filename="src/Simulation/Business/Assets/Property/Land.h" />
		<Unit filename="src/Simulation/Business/Assets/VirtualAsset.h" />
		<Unit filename="src/Simulation/Business/BEntity.h" />
		<Unit filename="src/Simulation/Business/Company.h" />
		<Unit filename="src/Simulation/Business/Customer/Customer.h" />
		<Unit filename="src/Simulation/Business/Customer/Support/Complaint.h" />
		<Unit filename="src/Simulation/Business/Customer/Support/Ticket.h" />
		<Unit filename="src/Simulation/Business/Employee.h" />
		<Unit filename="src/Simulation/Business/HR/Resume.h" />
		<Unit filename="src/Simulation/Business/Lawyer.h" />
		<Unit filename="src/Simulation/Business/POS/Cart.h" />
		<Unit filename="src/Simulation/Business/Payroll/PHours.h" />
		<Unit filename="src/Simulation/Business/Payroll/Payroll.h" />
		<Unit filename="src/Simulation/Business/Person.h" />
		<Unit filename="src/Simulation/Business/README.txt" />
		<Unit filename="src/Simulation/Business/Report/Case.h" />
		<Unit filename="src/Simulation/Business/Stocks/Stock.h" />
		<Unit filename="src/Simulation/Business/include.h" />
		<Unit filename="src/Simulation/CEntity.cpp" />
		<Unit filename="src/Simulation/CEntity.h" />
		<Unit filename="src/Simulation/Environment/Object/Tree.h" />
		<Unit filename="src/Simulation/Environment/Planet/Moon.h" />
		<Unit filename="src/Simulation/Environment/Planet/Ocean.cpp" />
		<Unit filename="src/Simulation/Environment/Planet/Ocean.h" />
		<Unit filename="src/Simulation/Environment/Planet/Planet.cpp" />
		<Unit filename="src/Simulation/Environment/Planet/Planet.h" />
		<Unit filename="src/Simulation/Environment/Planet/Planet_Atmosphere.cpp" />
		<Unit filename="src/Simulation/Environment/Planet/Planet_Terrain.cpp" />
		<Unit filename="src/Simulation/Environment/Space/Asteroid.h" />
		<Unit filename="src/Simulation/Environment/Space/Galaxy.h" />
		<Unit filename="src/Simulation/Environment/Space/Nebula.h" />
		<Unit filename="src/Simulation/Environment/Space/SolarObject.h" />
		<Unit filename="src/Simulation/Environment/Space/Star.h" />
		<Unit filename="src/Simulation/Environment/Universe.h" />
		<Unit filename="src/Simulation/Environment/Universe/GameUniverse.hpp" />
		<Unit filename="src/Simulation/Environment/Universe/ULaw.cpp" />
		<Unit filename="src/Simulation/Environment/Universe/ULaw.h" />
		<Unit filename="src/Simulation/Environment/include.h" />
		<Unit filename="src/Simulation/Idle/Idle.h" />
		<Unit filename="src/Simulation/Idle/Types/IdleCategory.h" />
		<Unit filename="src/Simulation/Idle/Types/IdleJob.h" />
		<Unit filename="src/Simulation/RPG/Dwarves.cpp" />
		<Unit filename="src/Simulation/RPG/Dwarves.h" />
		<Unit filename="src/Simulation/RPG/Dwarves_racecastes.cpp" />
		<Unit filename="src/Simulation/RPG/Entities/Action.h" />
		<Unit filename="src/Simulation/RPG/Entities/Creature/Ancestry.h" />
		<Unit filename="src/Simulation/RPG/Entities/Creature/Creature.cpp" />
		<Unit filename="src/Simulation/RPG/Entities/Creature/Creature.h" />
		<Unit filename="src/Simulation/RPG/Entities/Creature/CreatureEnergy.cpp" />
		<Unit filename="src/Simulation/RPG/Entities/Creature/CreatureEnergy.h" />
		<Unit filename="src/Simulation/RPG/Entities/Creature/CreatureHealth.cpp" />
		<Unit filename="src/Simulation/RPG/Entities/Creature/CreatureHealth.h" />
		<Unit filename="src/Simulation/RPG/Entities/Creature/CreaturePools.cpp" />
		<Unit filename="src/Simulation/RPG/Entities/Creature/CreaturePools.h" />
		<Unit filename="src/Simulation/RPG/Entities/Creature/CreatureResistances.h" />
		<Unit filename="src/Simulation/RPG/Entities/Creature/CreatureStats.cpp" />
		<Unit filename="src/Simulation/RPG/Entities/Creature/CreatureStats.h" />
		<Unit filename="src/Simulation/RPG/Entities/Creature/God.h" />
		<Unit filename="src/Simulation/RPG/Entities/Creature/Humanoid.h" />
		<Unit filename="src/Simulation/RPG/Entities/Creature/Immortal/Devil.h" />
		<Unit filename="src/Simulation/RPG/Entities/Creature/Immortal/Elemental.h" />
		<Unit filename="src/Simulation/RPG/Entities/Creature/Immortal/God.h" />
		<Unit filename="src/Simulation/RPG/Entities/Creature/Immortal/GodDomain.h" />
		<Unit filename="src/Simulation/RPG/Entities/Creature/Immortal/Lich.h" />
		<Unit filename="src/Simulation/RPG/Entities/Creature/Immortal/Vampire.h" />
		<Unit filename="src/Simulation/RPG/Entities/Creature/Injury.h" />
		<Unit filename="src/Simulation/RPG/Entities/Creature/IntelligentCreature.h" />
		<Unit filename="src/Simulation/RPG/Entities/Creature/Limb.h" />
		<Unit filename="src/Simulation/RPG/Entities/Creature/MixedRace.h" />
		<Unit filename="src/Simulation/RPG/Entities/Creature/Monster/Devourer.h" />
		<Unit filename="src/Simulation/RPG/Entities/Creature/Monster/Hive/HiveQueen.h" />
		<Unit filename="src/Simulation/RPG/Entities/Creature/Mortal/Beast/Lion.h" />
		<Unit filename="src/Simulation/RPG/Entities/Creature/Mortal/Dwarf.h" />
		<Unit filename="src/Simulation/RPG/Entities/Creature/Mortal/Human.h" />
		<Unit filename="src/Simulation/RPG/Entities/Creature/Mortal/Tree.h" />
		<Unit filename="src/Simulation/RPG/Entities/Creature/Quadrupedal.h" />
		<Unit filename="src/Simulation/RPG/Entities/Creature/QuadrupedalWinged.h" />
		<Unit filename="src/Simulation/RPG/Entities/Creature/RaceChanged.h" />
		<Unit filename="src/Simulation/RPG/Entities/Creature/Soul.h" />
		<Unit filename="src/Simulation/RPG/Entities/Inventory.h" />
		<Unit filename="src/Simulation/RPG/Entities/Items/Accessory.h" />
		<Unit filename="src/Simulation/RPG/Entities/Items/Armor.h" />
		<Unit filename="src/Simulation/RPG/Entities/Items/CyberneticLimb.h" />
		<Unit filename="src/Simulation/RPG/Entities/Items/DurableItem.h" />
		<Unit filename="src/Simulation/RPG/Entities/Items/Enchantment.h" />
		<Unit filename="src/Simulation/RPG/Entities/Items/EquippableItem.h" />
		<Unit filename="src/Simulation/RPG/Entities/Items/Item.h" />
		<Unit filename="src/Simulation/RPG/Entities/Items/LevelWeapon.h" />
		<Unit filename="src/Simulation/RPG/Entities/Items/LiquidItem.h" />
		<Unit filename="src/Simulation/RPG/Entities/Items/Pack.h" />
		<Unit filename="src/Simulation/RPG/Entities/Items/Weapon.h" />
		<Unit filename="src/Simulation/RPG/Entities/Religion.h" />
		<Unit filename="src/Simulation/RPG/Entities/Skill/Skill.h" />
		<Unit filename="src/Simulation/RPG/Entities/Skill/Spell.h" />
		<Unit filename="src/Simulation/RPG/Entities/Storage/Chest.h" />
		<Unit filename="src/Simulation/RPG/Entities/Storage/Drum.h" />
		<Unit filename="src/Simulation/RPG/Entities/Workshops/Anvil.h" />
		<Unit filename="src/Simulation/RPG/Entities/Workshops/Boiler.h" />
		<Unit filename="src/Simulation/RPG/Entities/Workshops/CarpentryTable.h" />
		<Unit filename="src/Simulation/RPG/Entities/Workshops/CastingTable.h" />
		<Unit filename="src/Simulation/RPG/Entities/Workshops/Crusher.h" />
		<Unit filename="src/Simulation/RPG/Entities/Workshops/Distillery.h" />
		<Unit filename="src/Simulation/RPG/Entities/Workshops/DryDistiller.h" />
		<Unit filename="src/Simulation/RPG/Entities/Workshops/DryingTable.h" />
		<Unit filename="src/Simulation/RPG/Entities/Workshops/EnchantmentTable.h" />
		<Unit filename="src/Simulation/RPG/Entities/Workshops/FilterBox.h" />
		<Unit filename="src/Simulation/RPG/Entities/Workshops/Furnace.h" />
		<Unit filename="src/Simulation/RPG/Entities/Workshops/GasSeparator.h" />
		<Unit filename="src/Simulation/RPG/Entities/Workshops/Loom.h" />
		<Unit filename="src/Simulation/RPG/Entities/Workshops/NaturalGasDistillery.h" />
		<Unit filename="src/Simulation/RPG/Entities/Workshops/OilDistillery.h" />
		<Unit filename="src/Simulation/RPG/Entities/Workshops/PowerHammer.h" />
		<Unit filename="src/Simulation/RPG/Entities/Workshops/RollingMachine.h" />
		<Unit filename="src/Simulation/RPG/Entities/Workshops/Sifter.h" />
		<Unit filename="src/Simulation/RPG/Entities/Workshops/Weaver.h" />
		<Unit filename="src/Simulation/RPG/Entities/Workshops/Workshop.h" />
		<Unit filename="src/Simulation/RPG/Entities/Workshops/WorkshopRecipe.h" />
		<Unit filename="src/Simulation/RPG/Map/MapRegion.h" />
		<Unit filename="src/Simulation/RPG/Map/World.h" />
		<Unit filename="src/Simulation/RPG/include.h" />
		<Unit filename="src/Simulation/SLocation.h" />
		<Unit filename="src/Simulation/Society/Citizen.cpp" />
		<Unit filename="src/Simulation/Society/Citizen.h" />
		<Unit filename="src/Simulation/Society/Faction/Faction.h" />
		<Unit filename="src/Simulation/Society/Government/Government.cpp" />
		<Unit filename="src/Simulation/Society/Government/Government.h" />
		<Unit filename="src/Simulation/Society/Race.h" />
		<Unit filename="src/Simulation/Society/Relations.h" />
		<Unit filename="src/Simulation/Society/War/War.h" />
		<Unit filename="src/Simulation/Society/War/WarParty.h" />
		<Unit filename="src/Simulation/Society/include.h" />
		<Unit filename="src/Simulation/include.h" />
		<Unit filename="src/Testing/Advanced/TestDataStructure.h" />
		<Unit filename="src/Testing/TestConfig.h" />
		<Unit filename="src/Testing/TestIf.h" />
		<Unit filename="src/Testing/TestLess.h" />
		<Unit filename="src/Testing/include.h" />
		<Unit filename="src/WebFramework/Backend/ChatManager/ChatChannel.h" />
		<Unit filename="src/WebFramework/Backend/ChatManager/ChatClient.h" />
		<Unit filename="src/WebFramework/Backend/ChatManager/ChatFilter.h" />
		<Unit filename="src/WebFramework/Backend/ChatManager/ChatManager.h" />
		<Unit filename="src/WebFramework/Backend/backend.h" />
		<Unit filename="src/WebFramework/Encoding/CompressedJSON.h" />
		<Unit filename="src/WebFramework/Encoding/JSON.h" />
		<Unit filename="src/WebFramework/Encoding/UrlEncoding.h" />
		<Unit filename="src/WebFramework/Templates/Template.cpp" />
		<Unit filename="src/WebFramework/Templates/Template.h" />
		<Unit filename="src/WebFramework/includes.h" />
		<Unit filename="src/WebFramework/namespace.h" />
		<Unit filename="src/asm/asm1.cpp" />
		<Unit filename="src/asm/asm1.h" />
		<Unit filename="src/constants.cpp" />
		<Unit filename="src/constants.h" />
		<Unit filename="src/defs.h" />
		<Unit filename="src/include.h" />
		<Unit filename="src/test.h" />
		<Unit filename="version.h" />
		<Extensions>
			<code_completion />
			<debugger />
			<envvars />
		</Extensions>
	</Project>
</CodeBlocks_project_file>
