<?xml version="1.0" encoding="UTF-8" standalone="yes" ?>
<CodeBlocks_project_file>
	<FileVersion major="1" minor="6" />
	<Project>
		<Option title="EterniaLib" />
		<Option pch_mode="2" />
		<Option compiler="gcc" />
		<Build>
			<Target title="Debug">
				<Option output="bin/Debug/libEterniaLib" prefix_auto="1" extension_auto="1" />
				<Option object_output="obj/Debug/" />
				<Option type="1" />
				<Option compiler="gcc" />
				<Option use_console_runner="0" />
				<Compiler>
					<Add option="-std=c++0x" />
					<Add option="-w" />
					<Add option="-g" />
					<Add option="-pipe" />
					<Add option="-DDEBUG" />
				</Compiler>
			</Target>
			<Target title="Release">
				<Option output="bin/Release/libEterniaLib" prefix_auto="1" extension_auto="1" />
				<Option object_output="obj/Release/" />
				<Option type="3" />
				<Option compiler="gcc" />
				<Option createDefFile="1" />
				<Option createStaticLib="1" />
				<Compiler>
					<Add option="-O2" />
				</Compiler>
				<Linker>
					<Add option="-s" />
				</Linker>
			</Target>
		</Build>
		<Compiler>
			<Add option="-Wall" />
			<Add option="-fexceptions" />
		</Compiler>
		<Unit filename="main.cpp" />
		<Unit filename="src/Algorithm/Cryptography/Aes256.h" />
		<Unit filename="src/Algorithm/Cryptography/Aes267.cpp" />
		<Unit filename="src/Algorithm/Cryptography/CryptoDefiner_Class.hpp" />
		<Unit filename="src/Algorithm/Cryptography/CryptoDefines.h" />
		<Unit filename="src/Algorithm/Cryptography/md5.cpp" />
		<Unit filename="src/Algorithm/Cryptography/md5.h" />
		<Unit filename="src/Algorithm/Pathing/DijkstraPath.hpp" />
		<Unit filename="src/Algorithm/Sorting/InsertionSort.cpp" />
		<Unit filename="src/Algorithm/Sorting/InsertionSort.h" />
		<Unit filename="src/Algorithm/Sorting/MergeSort.cpp" />
		<Unit filename="src/Algorithm/Sorting/MergeSort.h" />
		<Unit filename="src/Algorithm/Sorting/QuickSort.cpp" />
		<Unit filename="src/Algorithm/Sorting/QuickSort.h" />
		<Unit filename="src/Algorithm/Sorting/SelectionSort.cpp" />
		<Unit filename="src/Algorithm/Sorting/SelectionSort.h" />
		<Unit filename="src/Data/AbstractDatabase/AbstractDB.h" />
		<Unit filename="src/Data/AbstractDatabase/AbstractDBCacheMap.cpp" />
		<Unit filename="src/Data/AbstractDatabase/AbstractDBField.cpp" />
		<Unit filename="src/Data/AbstractDatabase/AbstractDBLinkedData.cpp" />
		<Unit filename="src/Data/AbstractDatabase/AbstractDBPriorityQueue.cpp" />
		<Unit filename="src/Data/AbstractDatabase/AbstractDBRow.cpp" />
		<Unit filename="src/Data/AbstractDatabase/AbstractDBTable.cpp" />
		<Unit filename="src/Data/AbstractDatabase/BasicFixedPointerArray.cpp" />
		<Unit filename="src/Data/BitMap.cpp" />
		<Unit filename="src/Data/BitMap.h" />
		<Unit filename="src/Data/DoubleList.cpp" />
		<Unit filename="src/Data/DoubleList.h" />
		<Unit filename="src/Data/FileCache.hpp" />
		<Unit filename="src/Data/FileSystem.cpp" />
		<Unit filename="src/Data/FileSystem.h" />
		<Unit filename="src/Data/Graph.cpp" />
		<Unit filename="src/Data/Graph.h" />
		<Unit filename="src/Data/HashMap.hpp" />
		<Unit filename="src/Data/HashTable.cpp" />
		<Unit filename="src/Data/HashTable.h" />
		<Unit filename="src/Data/Heap.cpp" />
		<Unit filename="src/Data/Heap.h" />
		<Unit filename="src/Data/IntegerList.cpp" />
		<Unit filename="src/Data/IntegerList.h" />
		<Unit filename="src/Data/LinkedList.hpp" />
		<Unit filename="src/Data/LinkedListT.cpp" />
		<Unit filename="src/Data/LinkedListT.h" />
		<Unit filename="src/Data/LinkedMap.cpp" />
		<Unit filename="src/Data/LinkedMap.h" />
		<Unit filename="src/Data/PriorityQueue.cpp" />
		<Unit filename="src/Data/PriorityQueue.h" />
		<Unit filename="src/Data/Queue.cpp" />
		<Unit filename="src/Data/Queue.h" />
		<Unit filename="src/Data/SecureFileCache.hpp" />
		<Unit filename="src/Data/Stack.cpp" />
		<Unit filename="src/Data/Stack.h" />
		<Unit filename="src/Data/TreeList.cpp" />
		<Unit filename="src/Data/TreeList.h" />
		<Unit filename="src/Data/test/testAbstractDB.cpp" />
		<Unit filename="src/Data/test/testAbstractDB.h" />
		<Unit filename="src/Data/test/testDataStructures.cpp" />
		<Unit filename="src/Data/test/testDataStructures.h" />
		<Unit filename="src/Design/Colors.h" />
		<Unit filename="src/Driver/DriverCore.h" />
		<Unit filename="src/Driver/LinuxDriver.h" />
		<Unit filename="src/Driver/OSXDriver.h" />
		<Unit filename="src/Driver/WinDriver.h" />
		<Unit filename="src/Economics/Banking/Account.h" />
		<Unit filename="src/Economics/Banking/Banking.h" />
		<Unit filename="src/Economics/StockMarket/Stock.h" />
		<Unit filename="src/Economics/StockMarket/StockMarket.h" />
		<Unit filename="src/Economics/Tax/Tax.cpp" />
		<Unit filename="src/Economics/Tax/Tax.h" />
		<Unit filename="src/Economics/Tax/TaxRefund.h" />
		<Unit filename="src/Economics/Trading/Store.h" />
		<Unit filename="src/Economics/Trading/Trading.h" />
		<Unit filename="src/Economics/Trading/TradingHub.h" />
		<Unit filename="src/Economics/economics.h" />
		<Unit filename="src/Emulation/MPU/in430.h" />
		<Unit filename="src/Emulation/MPU/msp430.cpp" />
		<Unit filename="src/Emulation/MPU/msp430.h" />
		<Unit filename="src/Emulation/MPU/msp430_Instructions.cpp" />
		<Unit filename="src/Emulation/MPU/msp430_Interrupts.cpp" />
		<Unit filename="src/Emulation/MPU/msp430_Opcodes.h" />
		<Unit filename="src/Emulation/MPU/msp430_Registers.h" />
		<Unit filename="src/Emulation/MPU/msp430_USCI.cpp" />
		<Unit filename="src/Emulation/MPU/msp430_declare_consts.h" />
		<Unit filename="src/Emulation/MPU/msp430_timers.cpp" />
		<Unit filename="src/Emulation/MPU/msp430g2553.h" />
		<Unit filename="src/Emulation/SecondTick.cpp" />
		<Unit filename="src/Emulation/SecondTick.h" />
		<Unit filename="src/Engineering/Chemistry/Atom.cpp" />
		<Unit filename="src/Engineering/Chemistry/Atom.h" />
		<Unit filename="src/Engineering/Chemistry/Composite.cpp" />
		<Unit filename="src/Engineering/Chemistry/Composite.h" />
		<Unit filename="src/Engineering/Chemistry/Hadron/AntiBaryon.h" />
		<Unit filename="src/Engineering/Chemistry/Hadron/AntiNeutron.h" />
		<Unit filename="src/Engineering/Chemistry/Hadron/AntiProton.h" />
		<Unit filename="src/Engineering/Chemistry/Hadron/Baryon.h" />
		<Unit filename="src/Engineering/Chemistry/Hadron/Meson.h" />
		<Unit filename="src/Engineering/Chemistry/Hadron/Neutrino.h" />
		<Unit filename="src/Engineering/Chemistry/Hadron/Neutron.h" />
		<Unit filename="src/Engineering/Chemistry/Hadron/Pion.h" />
		<Unit filename="src/Engineering/Chemistry/Hadron/Positron.h" />
		<Unit filename="src/Engineering/Chemistry/Hadron/Proton.h" />
		<Unit filename="src/Engineering/Chemistry/Hadron/Quarks/DownQuark.h" />
		<Unit filename="src/Engineering/Chemistry/Hadron/Quarks/Down_AntiQuark.h" />
		<Unit filename="src/Engineering/Chemistry/Hadron/Quarks/Gluon.h" />
		<Unit filename="src/Engineering/Chemistry/Hadron/Quarks/UpQuark.h" />
		<Unit filename="src/Engineering/Chemistry/Hadron/Quarks/Up_AntiQuark.h" />
		<Unit filename="src/Engineering/Chemistry/elementals.h" />
		<Unit filename="src/Engineering/Electrical/Circuit.h" />
		<Unit filename="src/Engineering/Electrical/Components/Capacitor.h" />
		<Unit filename="src/Engineering/Electrical/Components/Component.h" />
		<Unit filename="src/Engineering/Electrical/Components/ComponentRating.cpp" />
		<Unit filename="src/Engineering/Electrical/Components/ComponentRating.h" />
		<Unit filename="src/Engineering/Electrical/Components/Diode.h" />
		<Unit filename="src/Engineering/Electrical/Components/HBridge.h" />
		<Unit filename="src/Engineering/Electrical/Components/Inductor.h" />
		<Unit filename="src/Engineering/Electrical/Components/Inverter.h" />
		<Unit filename="src/Engineering/Electrical/Components/LBridge.h" />
		<Unit filename="src/Engineering/Electrical/Components/Mosfet.h" />
		<Unit filename="src/Engineering/Electrical/Components/Rectifier.h" />
		<Unit filename="src/Engineering/Electrical/Components/Resistor.h" />
		<Unit filename="src/Engineering/Electrical/Components/ResistorBands.h" />
		<Unit filename="src/Engineering/Electrical/Components/Transistor.h" />
		<Unit filename="src/Engineering/Electrical/IC/ASIC.h" />
		<Unit filename="src/Engineering/Electrical/IC/FPGA.h" />
		<Unit filename="src/Engineering/Electrical/IC/General/IC555.cpp" />
		<Unit filename="src/Engineering/Electrical/IC/General/IC555.h" />
		<Unit filename="src/Engineering/Electrical/IC/IC.cpp" />
		<Unit filename="src/Engineering/Electrical/IC/IC.h" />
		<Unit filename="src/Engineering/Electrical/IC/RAM.cpp" />
		<Unit filename="src/Engineering/Electrical/IC/RAM.h" />
		<Unit filename="src/Engineering/Electrical/Pin.cpp" />
		<Unit filename="src/Engineering/Electrical/Pin.h" />
		<Unit filename="src/Engineering/Electrical/PowerValue.cpp" />
		<Unit filename="src/Engineering/Electrical/PowerValue.h" />
		<Unit filename="src/Engineering/Electrical/Wire.h" />
		<Unit filename="src/Engineering/Physics/Equations.cpp" />
		<Unit filename="src/Engineering/Physics/Equations.h" />
		<Unit filename="src/Engineering/Physics/FluidMechanics/FluidMechanics.cpp" />
		<Unit filename="src/Engineering/Physics/FluidMechanics/FluidMechanics.h" />
		<Unit filename="src/Engineering/Physics/Kinematics/CircularMotion.cpp" />
		<Unit filename="src/Engineering/Physics/Kinematics/CircularMotion.h" />
		<Unit filename="src/Engineering/Physics/Kinematics/Collision1D.cpp" />
		<Unit filename="src/Engineering/Physics/Kinematics/Collision1D.h" />
		<Unit filename="src/Engineering/Physics/Kinematics/FreeBody.cpp" />
		<Unit filename="src/Engineering/Physics/Kinematics/FreeBody.h" />
		<Unit filename="src/Engineering/Physics/Kinematics/VectorBody.cpp" />
		<Unit filename="src/Engineering/Physics/Kinematics/VectorBody.h" />
		<Unit filename="src/Engineering/Physics/Rotational/RotationalBody.h" />
		<Unit filename="src/Engineering/Physics/Rotational/RotationalFuncs.cpp" />
		<Unit filename="src/Engineering/Physics/Rotational/RotationalFuncs.h" />
		<Unit filename="src/Engineering/Physics/ThermalDynamics/ThermalDynamics.cpp" />
		<Unit filename="src/Engineering/Physics/ThermalDynamics/ThermalDynamics.h" />
		<Unit filename="src/Engineering/Physics/Work.cpp" />
		<Unit filename="src/Engineering/Physics/Work.h" />
		<Unit filename="src/Engineering/Physics/test/testFriction.cpp" />
		<Unit filename="src/Engineering/Physics/test/testFriction.h" />
		<Unit filename="src/Engineering/Physics/test/testGravity.cpp" />
		<Unit filename="src/Engineering/Physics/test/testGravity.h" />
		<Unit filename="src/Engineering/Physics/test/tests.h" />
		<Unit filename="src/Environment/Object/Tree.h" />
		<Unit filename="src/Environment/Planet/Ocean.cpp" />
		<Unit filename="src/Environment/Planet/Ocean.h" />
		<Unit filename="src/Environment/Planet/Planet.cpp" />
		<Unit filename="src/Environment/Planet/Planet.h" />
		<Unit filename="src/Environment/Planet/Planet_Atmosphere.cpp" />
		<Unit filename="src/Environment/Space/Asteroid.h" />
		<Unit filename="src/Environment/Space/Galaxy.h" />
		<Unit filename="src/Environment/Space/Nebula.h" />
		<Unit filename="src/Environment/Space/Star.h" />
		<Unit filename="src/Environment/environment.h" />
		<Unit filename="src/Gamelogic/AI/AI.h" />
		<Unit filename="src/Gamelogic/AI/AIAttack.h" />
		<Unit filename="src/Gamelogic/AI/AICommand.h" />
		<Unit filename="src/Gamelogic/AI/AIDecide.h" />
		<Unit filename="src/Gamelogic/AI/AIMovement.h" />
		<Unit filename="src/Gamelogic/AI/AIUse.h" />
		<Unit filename="src/Gamelogic/Avatar/Avatar.h" />
		<Unit filename="src/Gamelogic/Avatar/AvatarGear.h" />
		<Unit filename="src/Gamelogic/Avatar/AvatarHealth.h" />
		<Unit filename="src/Gamelogic/Avatar/Disease.h" />
		<Unit filename="src/Gamelogic/Avatar/Mood.h" />
		<Unit filename="src/Gamelogic/Avatar/Skill.h" />
		<Unit filename="src/Gamelogic/Inventory/BaseInventory.h" />
		<Unit filename="src/Gamelogic/Inventory/DynamicAttribute.h" />
		<Unit filename="src/Gamelogic/Inventory/DynamicEquip.h" />
		<Unit filename="src/Gamelogic/Inventory/ItemBase.h" />
		<Unit filename="src/Gamelogic/Mob/Mob.h" />
		<Unit filename="src/Gamelogic/gamelogic.h" />
		<Unit filename="src/Gamelogic/test/testGameLogic.h" />
		<Unit filename="src/Localization/LanguageController.cpp" />
		<Unit filename="src/Localization/LanguageController.h" />
		<Unit filename="src/Math/Conversion/Convert.cpp" />
		<Unit filename="src/Math/Conversion/Convert.h" />
		<Unit filename="src/Math/Equation.cpp" />
		<Unit filename="src/Math/Equation.h" />
		<Unit filename="src/Math/Equation_CALC.cpp" />
		<Unit filename="src/Math/Eval.cpp" />
		<Unit filename="src/Math/Eval.h" />
		<Unit filename="src/Math/Functions/Basic.cpp" />
		<Unit filename="src/Math/Functions/Basic.h" />
		<Unit filename="src/Math/Functions/Trig.cpp" />
		<Unit filename="src/Math/Functions/Trig.h" />
		<Unit filename="src/Math/Math.h" />
		<Unit filename="src/Math/statistics/Probability.h" />
		<Unit filename="src/Math/statistics/statistics.h" />
		<Unit filename="src/Math/struct/Basis.cpp" />
		<Unit filename="src/Math/struct/Basis.h" />
		<Unit filename="src/Math/struct/Matrix.cpp" />
		<Unit filename="src/Math/struct/Matrix.h" />
		<Unit filename="src/Math/struct/VectorSpace.cpp" />
		<Unit filename="src/Math/struct/VectorSpace.h" />
		<Unit filename="src/Math/struct/vertex.cpp" />
		<Unit filename="src/Math/struct/vertex.h" />
		<Unit filename="src/Math/test/testMath.cpp" />
		<Unit filename="src/Math/test/testMath.h" />
		<Unit filename="src/MiscLib/CharString.cpp" />
		<Unit filename="src/MiscLib/CharString.h" />
		<Unit filename="src/MiscLib/EfficiencyTimer.cpp" />
		<Unit filename="src/MiscLib/EfficiencyTimer.h" />
		<Unit filename="src/MiscLib/SplitResult.cpp" />
		<Unit filename="src/MiscLib/SplitResult.h" />
		<Unit filename="src/Networking/NetworkManager.cpp" />
		<Unit filename="src/Networking/NetworkManager.h" />
		<Unit filename="src/Networking/P2P/P2PBoundaries.cpp" />
		<Unit filename="src/Networking/P2P/P2PBoundaries.h" />
		<Unit filename="src/Networking/P2P/P2PCPUServer.cpp" />
		<Unit filename="src/Networking/P2P/P2PCPUServer.h" />
		<Unit filename="src/Networking/P2P/P2PDataServer.cpp" />
		<Unit filename="src/Networking/P2P/P2PDataServer.h" />
		<Unit filename="src/Networking/P2P/P2PIRCServer.cpp" />
		<Unit filename="src/Networking/P2P/P2PIRCServer.h" />
		<Unit filename="src/Networking/P2P/P2PInc.h" />
		<Unit filename="src/Networking/P2P/P2PLClient.cpp" />
		<Unit filename="src/Networking/P2P/P2PLClient.h" />
		<Unit filename="src/Networking/P2P/P2PLServer.cpp" />
		<Unit filename="src/Networking/P2P/P2PLServer.h" />
		<Unit filename="src/Networking/P2P/P2PManager.cpp" />
		<Unit filename="src/Networking/P2P/P2PManager.h" />
		<Unit filename="src/Networking/P2P/P2PNode.cpp" />
		<Unit filename="src/Networking/P2P/P2PNode.h" />
		<Unit filename="src/Networking/P2P/P2PNodeCache.cpp" />
		<Unit filename="src/Networking/P2P/P2PNodeCache.h" />
		<Unit filename="src/Networking/P2P/P2PPacket.cpp" />
		<Unit filename="src/Networking/P2P/P2PPacket.h" />
		<Unit filename="src/Networking/P2P/P2PStreamServer.cpp" />
		<Unit filename="src/Networking/P2P/P2PStreamServer.h" />
		<Unit filename="src/Networking/Packets/Devices/VoipPacket.hpp" />
		<Unit filename="src/Networking/Packets/Inc.h" />
		<Unit filename="src/Networking/Packets/P2P/P2PPassagePacket.hpp" />
		<Unit filename="src/Networking/Packets/P2P/P2PPeerAdd.hpp" />
		<Unit filename="src/Networking/Packets/P2P/P2PPeerRemove.hpp" />
		<Unit filename="src/Networking/Packets/P2P/P2PRegisterServer.hpp" />
		<Unit filename="src/Networking/Packets/P2P/P2PRequestPID.hpp" />
		<Unit filename="src/Networking/Packets/Packet.hpp" />
		<Unit filename="src/Networking/Packets/Processing/CPU/SecuredCPUData.hpp" />
		<Unit filename="src/Networking/Packets/Processing/CPU/SecuredCPUHeader.hpp" />
		<Unit filename="src/Networking/Packets/Processing/CPU/SecuredCPUInstructables.hpp" />
		<Unit filename="src/Networking/Packets/Processing/GPU/SecuredGPUData.hpp" />
		<Unit filename="src/Networking/Packets/Processing/GPU/SecuredGPUHeader.hpp" />
		<Unit filename="src/Networking/Packets/Processing/GPU/SecuredGPUInstructables.hpp" />
		<Unit filename="src/Networking/Packets/Processing/ProcessingLimitations.h" />
		<Unit filename="src/Networking/Packets/Processing/ProcessorInstruction.h" />
		<Unit filename="src/Networking/test/testP2P.h" />
		<Unit filename="src/Networking/test/testPackets.h" />
		<Unit filename="src/Parsing/HTMLParser.cpp" />
		<Unit filename="src/Parsing/HTMLParser.h" />
		<Unit filename="src/Parsing/HTMLTags.h" />
		<Unit filename="src/Parsing/InputRedirection.cpp" />
		<Unit filename="src/Parsing/InputRedirection.h" />
		<Unit filename="src/Parsing/LoadFile.cpp" />
		<Unit filename="src/Parsing/LoadFile.h" />
		<Unit filename="src/Parsing/SecuredParser.cpp" />
		<Unit filename="src/Parsing/SecuredParser.h" />
		<Unit filename="src/Parsing/SimpleParser.cpp" />
		<Unit filename="src/Parsing/SimpleParser.h" />
		<Unit filename="src/Parsing/test/testParsers.cpp" />
		<Unit filename="src/Parsing/test/testParsers.h" />
		<Unit filename="src/Signal/CLKProvider.cpp" />
		<Unit filename="src/Signal/CLKProvider.h" />
		<Unit filename="src/Signal/FreqSignal.h" />
		<Unit filename="src/Signal/PWM.cpp" />
		<Unit filename="src/Signal/PWM.h" />
		<Unit filename="src/Signal/Signal.h" />
		<Unit filename="src/Signal/TimeSignal.h" />
		<Unit filename="src/Social/Citizen.cpp" />
		<Unit filename="src/Social/Citizen.h" />
		<Unit filename="src/Social/Company/Company.h" />
		<Unit filename="src/Social/Company/CompanyConst.h" />
		<Unit filename="src/Social/Government/Government.h" />
		<Unit filename="src/Social/Government/GovernmentBranch.h" />
		<Unit filename="src/Social/Government/GovernmentPowers.h" />
		<Unit filename="src/asm/asm1.cpp" />
		<Unit filename="src/asm/asm1.h" />
		<Unit filename="src/constants.cpp" />
		<Unit filename="src/constants.h" />
		<Unit filename="src/test.h" />
		<Extensions>
			<code_completion />
			<debugger />
		</Extensions>
	</Project>
</CodeBlocks_project_file>
